<?xml version="1.0" encoding="UTF-8" standalone="yes" ?>
<CodeBlocks_project_file>
	<FileVersion major="1" minor="6" />
	<Project>
		<Option title="Puissance4-Console" />
		<Option pch_mode="2" />
		<Option compiler="gcc" />
		<Build>
			<Target title="Debug">
				<Option output="bin/Debug/Puissance4-Console" prefix_auto="1" extension_auto="1" />
				<Option object_output="obj/Debug/" />
				<Option type="1" />
				<Option compiler="gcc" />
				<Compiler>
					<Add option="-g" />
				</Compiler>
			</Target>
			<Target title="Release">
				<Option output="bin/Release/Puissance4-Console" prefix_auto="1" extension_auto="1" />
				<Option object_output="obj/Release/" />
				<Option type="1" />
				<Option compiler="gcc" />
				<Compiler>
					<Add option="-O2" />
				</Compiler>
				<Linker>
					<Add option="-s" />
				</Linker>
			</Target>
		</Build>
		<Compiler>
			<Add option="-Wall" />
		</Compiler>
		<Unit filename="AlphaBeta.c">
			<Option compilerVar="CC" />
		</Unit>
		<Unit filename="AlphaBeta.h" />
		<Unit filename="JoueurVsJoueur.c">
			<Option compilerVar="CC" />
		</Unit>
		<Unit filename="JoueurVsJoueur.h" />
		<Unit filename="JoueurVsMachine.c">
			<Option compilerVar="CC" />
		</Unit>
		<Unit filename="JoueurVsMachine.h" />
		<Unit filename="MiniMax.c">
			<Option compilerVar="CC" />
		</Unit>
		<Unit filename="MiniMax.h" />
		<Unit filename="NotreListe.h" />
		<Unit filename="Outil.h" />
		<Unit filename="Outils.c">
			<Option compilerVar="CC" />
		</Unit>
		<Unit filename="Plateau.c">
			<Option compilerVar="CC" />
		</Unit>
		<Unit filename="Plateau.h" />
		<Unit filename="main.c">
			<Option compilerVar="CC" />
		</Unit>
		<Extensions>
			<code_completion />
			<envvars />
			<debugger />
			<lib_finder disable_auto="1" />
		</Extensions>
	</Project>
</CodeBlocks_project_file>
